
Microsoft Visual Studio Solution File, Format Version 12.00
# Visual Studio Version 16
VisualStudioVersion = 16.0.30225.117
MinimumVisualStudioVersion = 10.0.40219.1
Project("{9A19103F-16F7-4668-BE54-9A1E7A4F7556}") = "dependency-playground", "dependency-playground.csproj", "{BE3616FC-94A3-4DC8-94FC-5FD83408EAC1}"
EndProject
Global
	GlobalSection(SolutionConfigurationPlatforms) = preSolution
		Debug|Any CPU = Debug|Any CPU
		Release|Any CPU = Release|Any CPU
	EndGlobalSection
	GlobalSection(ProjectConfigurationPlatforms) = postSolution
		{BE3616FC-94A3-4DC8-94FC-5FD83408EAC1}.Debug|Any CPU.ActiveCfg = Debug|Any CPU
		{BE3616FC-94A3-4DC8-94FC-5FD83408EAC1}.Debug|Any CPU.Build.0 = Debug|Any CPU
		{BE3616FC-94A3-4DC8-94FC-5FD83408EAC1}.Release|Any CPU.ActiveCfg = Release|Any CPU
		{BE3616FC-94A3-4DC8-94FC-5FD83408EAC1}.Release|Any CPU.Build.0 = Release|Any CPU
	EndGlobalSection
	GlobalSection(SolutionProperties) = preSolution
		HideSolutionNode = FALSE
	EndGlobalSection
	GlobalSection(ExtensibilityGlobals) = postSolution
		SolutionGuid = {5E5B6AF0-8CF1-4EB2-96CC-BD0D4F6168FE}
	EndGlobalSection
EndGlobal
