
Microsoft Visual Studio Solution File, Format Version 12.00
# Visual Studio Version 16
VisualStudioVersion = 16.0.29102.190
MinimumVisualStudioVersion = 10.0.40219.1
Project("{9A19103F-16F7-4668-BE54-9A1E7A4F7556}") = "dependency-playground", "dependency-playground\dependency-playground.csproj", "{188C0A32-054E-4FB5-BD3A-D869E7006AA3}"
EndProject
Global
	GlobalSection(SolutionConfigurationPlatforms) = preSolution
		Debug|Any CPU = Debug|Any CPU
		Release|Any CPU = Release|Any CPU
	EndGlobalSection
	GlobalSection(ProjectConfigurationPlatforms) = postSolution
		{188C0A32-054E-4FB5-BD3A-D869E7006AA3}.Debug|Any CPU.ActiveCfg = Debug|Any CPU
		{188C0A32-054E-4FB5-BD3A-D869E7006AA3}.Debug|Any CPU.Build.0 = Debug|Any CPU
		{188C0A32-054E-4FB5-BD3A-D869E7006AA3}.Release|Any CPU.ActiveCfg = Release|Any CPU
		{188C0A32-054E-4FB5-BD3A-D869E7006AA3}.Release|Any CPU.Build.0 = Release|Any CPU
	EndGlobalSection
	GlobalSection(SolutionProperties) = preSolution
		HideSolutionNode = FALSE
	EndGlobalSection
	GlobalSection(ExtensibilityGlobals) = postSolution
		SolutionGuid = {3EF70D59-7CB1-45D1-993D-797B26BCB3A4}
	EndGlobalSection
EndGlobal
